PODS:
  - FBSnapshotTestCase (2.1.4):
    - FBSnapshotTestCase/SwiftSupport (= 2.1.4)
  - FBSnapshotTestCase/Core (2.1.4)
  - FBSnapshotTestCase/SwiftSupport (2.1.4):
    - FBSnapshotTestCase/Core
  - Fmdb (0.1.0)

DEPENDENCIES:
  - FBSnapshotTestCase
  - Fmdb (from `../`)

SPEC REPOS:
  https://github.com/cocoapods/specs.git:
    - FBSnapshotTestCase

EXTERNAL SOURCES:
  Fmdb:
    :path: "../"

SPEC CHECKSUMS:
  FBSnapshotTestCase: 094f9f314decbabe373b87cc339bea235a63e07a
  Fmdb: fa704641a9c137e68a66019f849075214582c12f

PODFILE CHECKSUM: de8a9838a3c3362d105094ddbabf32ff973b4028

COCOAPODS: 1.5.3
